// !$*UTF8*$!
{
	archiveVersion = 1;
	classes = {
	};
	objectVersion = 46;
	objects = {

/* Begin PBXBuildFile section */
		1BAD621A9D9FD26E1DA7DEC7 /* libPods-FibSequenceExam.a in Frameworks */ = {isa = PBXBuildFile; fileRef = 4A612D251DB324A2BC4CCB04 /* libPods-FibSequenceExam.a */; };
		B17DF3291A649FFE00189283 /* main.m in Sources */ = {isa = PBXBuildFile; fileRef = B17DF3281A649FFE00189283 /* main.m */; };
		B17DF32C1A649FFE00189283 /* AppDelegate.m in Sources */ = {isa = PBXBuildFile; fileRef = B17DF32B1A649FFE00189283 /* AppDelegate.m */; };
		B17DF32F1A649FFE00189283 /* ViewController.m in Sources */ = {isa = PBXBuildFile; fileRef = B17DF32E1A649FFE00189283 /* ViewController.m */; };
		B17DF3321A649FFE00189283 /* Main.storyboard in Resources */ = {isa = PBXBuildFile; fileRef = B17DF3301A649FFE00189283 /* Main.storyboard */; };
		B17DF3341A649FFE00189283 /* Images.xcassets in Resources */ = {isa = PBXBuildFile; fileRef = B17DF3331A649FFE00189283 /* Images.xcassets */; };
		B17DF3371A649FFE00189283 /* LaunchScreen.xib in Resources */ = {isa = PBXBuildFile; fileRef = B17DF3351A649FFE00189283 /* LaunchScreen.xib */; };
		B17DF3431A649FFE00189283 /* FibSequenceExamTests.m in Sources */ = {isa = PBXBuildFile; fileRef = B17DF3421A649FFE00189283 /* FibSequenceExamTests.m */; };
		B1DD98C21A6D061200F65D8C /* ShareViewController.m in Sources */ = {isa = PBXBuildFile; fileRef = B1DD98C11A6D061200F65D8C /* ShareViewController.m */; };
		B1DD98C41A6D061200F65D8C /* MainInterface.storyboard in Resources */ = {isa = PBXBuildFile; fileRef = B1DD98C31A6D061200F65D8C /* MainInterface.storyboard */; };
		B1DD98C71A6D061200F65D8C /* SaveBookmark.appex in Embed App Extensions */ = {isa = PBXBuildFile; fileRef = B1DD98BC1A6D061200F65D8C /* SaveBookmark.appex */; settings = {ATTRIBUTES = (RemoveHeadersOnCopy, ); }; };
		B1DD98D81A6D0F2F00F65D8C /* ActionViewController.m in Sources */ = {isa = PBXBuildFile; fileRef = B1DD98D71A6D0F2F00F65D8C /* ActionViewController.m */; };
		B1DD98DA1A6D0F2F00F65D8C /* MainInterface.storyboard in Resources */ = {isa = PBXBuildFile; fileRef = B1DD98D91A6D0F2F00F65D8C /* MainInterface.storyboard */; };
		B1E4219C1A6CCB7200D946CB /* StackOverFlowViewController.m in Sources */ = {isa = PBXBuildFile; fileRef = B1E4219B1A6CCB7200D946CB /* StackOverFlowViewController.m */; };
/* End PBXBuildFile section */

/* Begin PBXContainerItemProxy section */
		B17DF33D1A649FFE00189283 /* PBXContainerItemProxy */ = {
			isa = PBXContainerItemProxy;
			containerPortal = B17DF31B1A649FFE00189283 /* Project object */;
			proxyType = 1;
			remoteGlobalIDString = B17DF3221A649FFE00189283;
			remoteInfo = FibSequenceExam;
		};
		B1DD98C51A6D061200F65D8C /* PBXContainerItemProxy */ = {
			isa = PBXContainerItemProxy;
			containerPortal = B17DF31B1A649FFE00189283 /* Project object */;
			proxyType = 1;
			remoteGlobalIDString = B1DD98BB1A6D061200F65D8C;
			remoteInfo = SaveBookmark;
		};
/* End PBXContainerItemProxy section */

/* Begin PBXCopyFilesBuildPhase section */
		B1DD98CB1A6D061200F65D8C /* Embed App Extensions */ = {
			isa = PBXCopyFilesBuildPhase;
			buildActionMask = 2147483647;
			dstPath = "";
			dstSubfolderSpec = 13;
			files = (
				B1DD98C71A6D061200F65D8C /* SaveBookmark.appex in Embed App Extensions */,
			);
			name = "Embed App Extensions";
			runOnlyForDeploymentPostprocessing = 0;
		};
/* End PBXCopyFilesBuildPhase section */

/* Begin PBXFileReference section */
		4A612D251DB324A2BC4CCB04 /* libPods-FibSequenceExam.a */ = {isa = PBXFileReference; explicitFileType = archive.ar; includeInIndex = 0; path = "libPods-FibSequenceExam.a"; sourceTree = BUILT_PRODUCTS_DIR; };
		93A4050D39A419AF268606F3 /* Pods-FibSequenceExam.release.xcconfig */ = {isa = PBXFileReference; includeInIndex = 1; lastKnownFileType = text.xcconfig; name = "Pods-FibSequenceExam.release.xcconfig"; path = "Pods/Target Support Files/Pods-FibSequenceExam/Pods-FibSequenceExam.release.xcconfig"; sourceTree = "<group>"; };
		B17DF3231A649FFE00189283 /* FibSequenceExam.app */ = {isa = PBXFileReference; explicitFileType = wrapper.application; includeInIndex = 0; path = FibSequenceExam.app; sourceTree = BUILT_PRODUCTS_DIR; };
		B17DF3271A649FFE00189283 /* Info.plist */ = {isa = PBXFileReference; lastKnownFileType = text.plist.xml; path = Info.plist; sourceTree = "<group>"; };
		B17DF3281A649FFE00189283 /* main.m */ = {isa = PBXFileReference; lastKnownFileType = sourcecode.c.objc; path = main.m; sourceTree = "<group>"; };
		B17DF32A1A649FFE00189283 /* AppDelegate.h */ = {isa = PBXFileReference; lastKnownFileType = sourcecode.c.h; path = AppDelegate.h; sourceTree = "<group>"; };
		B17DF32B1A649FFE00189283 /* AppDelegate.m */ = {isa = PBXFileReference; lastKnownFileType = sourcecode.c.objc; path = AppDelegate.m; sourceTree = "<group>"; };
		B17DF32D1A649FFE00189283 /* ViewController.h */ = {isa = PBXFileReference; lastKnownFileType = sourcecode.c.h; path = ViewController.h; sourceTree = "<group>"; };
		B17DF32E1A649FFE00189283 /* ViewController.m */ = {isa = PBXFileReference; lastKnownFileType = sourcecode.c.objc; path = ViewController.m; sourceTree = "<group>"; };
		B17DF3311A649FFE00189283 /* Base */ = {isa = PBXFileReference; lastKnownFileType = file.storyboard; name = Base; path = Base.lproj/Main.storyboard; sourceTree = "<group>"; };
		B17DF3331A649FFE00189283 /* Images.xcassets */ = {isa = PBXFileReference; lastKnownFileType = folder.assetcatalog; path = Images.xcassets; sourceTree = "<group>"; };
		B17DF3361A649FFE00189283 /* Base */ = {isa = PBXFileReference; lastKnownFileType = file.xib; name = Base; path = Base.lproj/LaunchScreen.xib; sourceTree = "<group>"; };
		B17DF33C1A649FFE00189283 /* FibSequenceExamTests.xctest */ = {isa = PBXFileReference; explicitFileType = wrapper.cfbundle; includeInIndex = 0; path = FibSequenceExamTests.xctest; sourceTree = BUILT_PRODUCTS_DIR; };
		B17DF3411A649FFE00189283 /* Info.plist */ = {isa = PBXFileReference; lastKnownFileType = text.plist.xml; path = Info.plist; sourceTree = "<group>"; };
		B17DF3421A649FFE00189283 /* FibSequenceExamTests.m */ = {isa = PBXFileReference; lastKnownFileType = sourcecode.c.objc; path = FibSequenceExamTests.m; sourceTree = "<group>"; };
		B1DD98BC1A6D061200F65D8C /* SaveBookmark.appex */ = {isa = PBXFileReference; explicitFileType = "wrapper.app-extension"; includeInIndex = 0; path = SaveBookmark.appex; sourceTree = BUILT_PRODUCTS_DIR; };
		B1DD98BF1A6D061200F65D8C /* Info.plist */ = {isa = PBXFileReference; lastKnownFileType = text.plist.xml; path = Info.plist; sourceTree = "<group>"; };
		B1DD98C01A6D061200F65D8C /* ShareViewController.h */ = {isa = PBXFileReference; lastKnownFileType = sourcecode.c.h; path = ShareViewController.h; sourceTree = "<group>"; };
		B1DD98C11A6D061200F65D8C /* ShareViewController.m */ = {isa = PBXFileReference; lastKnownFileType = sourcecode.c.objc; path = ShareViewController.m; sourceTree = "<group>"; };
		B1DD98C31A6D061200F65D8C /* MainInterface.storyboard */ = {isa = PBXFileReference; lastKnownFileType = file.storyboard; path = MainInterface.storyboard; sourceTree = "<group>"; };
		B1DD98D21A6D0F2F00F65D8C /* ActionExten.appex */ = {isa = PBXFileReference; explicitFileType = "wrapper.app-extension"; includeInIndex = 0; path = ActionExten.appex; sourceTree = BUILT_PRODUCTS_DIR; };
		B1DD98D51A6D0F2F00F65D8C /* Info.plist */ = {isa = PBXFileReference; lastKnownFileType = text.plist.xml; path = Info.plist; sourceTree = "<group>"; };
		B1DD98D61A6D0F2F00F65D8C /* ActionViewController.h */ = {isa = PBXFileReference; lastKnownFileType = sourcecode.c.h; path = ActionViewController.h; sourceTree = "<group>"; };
		B1DD98D71A6D0F2F00F65D8C /* ActionViewController.m */ = {isa = PBXFileReference; lastKnownFileType = sourcecode.c.objc; path = ActionViewController.m; sourceTree = "<group>"; };
		B1DD98D91A6D0F2F00F65D8C /* MainInterface.storyboard */ = {isa = PBXFileReference; lastKnownFileType = file.storyboard; path = MainInterface.storyboard; sourceTree = "<group>"; };
		B1DD98E31A6DD04D00F65D8C /* FibSequenceExam.entitlements */ = {isa = PBXFileReference; lastKnownFileType = text.xml; path = FibSequenceExam.entitlements; sourceTree = "<group>"; };
		B1DD98E41A6DD44B00F65D8C /* SaveBookmark.entitlements */ = {isa = PBXFileReference; lastKnownFileType = text.xml; path = SaveBookmark.entitlements; sourceTree = "<group>"; };
		B1E4219A1A6CCB7200D946CB /* StackOverFlowViewController.h */ = {isa = PBXFileReference; fileEncoding = 4; lastKnownFileType = sourcecode.c.h; path = StackOverFlowViewController.h; sourceTree = "<group>"; };
		B1E4219B1A6CCB7200D946CB /* StackOverFlowViewController.m */ = {isa = PBXFileReference; fileEncoding = 4; lastKnownFileType = sourcecode.c.objc; path = StackOverFlowViewController.m; sourceTree = "<group>"; };
		C68C8705DEF1507735A9B83B /* Pods-FibSequenceExam.debug.xcconfig */ = {isa = PBXFileReference; includeInIndex = 1; lastKnownFileType = text.xcconfig; name = "Pods-FibSequenceExam.debug.xcconfig"; path = "Pods/Target Support Files/Pods-FibSequenceExam/Pods-FibSequenceExam.debug.xcconfig"; sourceTree = "<group>"; };
/* End PBXFileReference section */

/* Begin PBXFrameworksBuildPhase section */
		B17DF3201A649FFE00189283 /* Frameworks */ = {
			isa = PBXFrameworksBuildPhase;
			buildActionMask = 2147483647;
			files = (
				1BAD621A9D9FD26E1DA7DEC7 /* libPods-FibSequenceExam.a in Frameworks */,
			);
			runOnlyForDeploymentPostprocessing = 0;
		};
		B17DF3391A649FFE00189283 /* Frameworks */ = {
			isa = PBXFrameworksBuildPhase;
			buildActionMask = 2147483647;
			files = (
			);
			runOnlyForDeploymentPostprocessing = 0;
		};
		B1DD98B91A6D061200F65D8C /* Frameworks */ = {
			isa = PBXFrameworksBuildPhase;
			buildActionMask = 2147483647;
			files = (
			);
			runOnlyForDeploymentPostprocessing = 0;
		};
		B1DD98CF1A6D0F2F00F65D8C /* Frameworks */ = {
			isa = PBXFrameworksBuildPhase;
			buildActionMask = 2147483647;
			files = (
			);
			runOnlyForDeploymentPostprocessing = 0;
		};
/* End PBXFrameworksBuildPhase section */

/* Begin PBXGroup section */
		ABF114C1D6FC600C7F6FF1C8 /* Frameworks */ = {
			isa = PBXGroup;
			children = (
				4A612D251DB324A2BC4CCB04 /* libPods-FibSequenceExam.a */,
			);
			name = Frameworks;
			sourceTree = "<group>";
		};
		B17DF31A1A649FFE00189283 = {
			isa = PBXGroup;
			children = (
				B17DF3251A649FFE00189283 /* FibSequenceExam */,
				B17DF33F1A649FFE00189283 /* FibSequenceExamTests */,
				B1DD98BD1A6D061200F65D8C /* SaveBookmark */,
				B1DD98D31A6D0F2F00F65D8C /* ActionExten */,
				B17DF3241A649FFE00189283 /* Products */,
				D9C2916D7D685DCA410D18BA /* Pods */,
				ABF114C1D6FC600C7F6FF1C8 /* Frameworks */,
			);
			sourceTree = "<group>";
		};
		B17DF3241A649FFE00189283 /* Products */ = {
			isa = PBXGroup;
			children = (
				B17DF3231A649FFE00189283 /* FibSequenceExam.app */,
				B17DF33C1A649FFE00189283 /* FibSequenceExamTests.xctest */,
				B1DD98BC1A6D061200F65D8C /* SaveBookmark.appex */,
				B1DD98D21A6D0F2F00F65D8C /* ActionExten.appex */,
			);
			name = Products;
			sourceTree = "<group>";
		};
		B17DF3251A649FFE00189283 /* FibSequenceExam */ = {
			isa = PBXGroup;
			children = (
				B1DD98E31A6DD04D00F65D8C /* FibSequenceExam.entitlements */,
				B1DD98CC1A6D064D00F65D8C /* Testing Tab/Nav */,
				B17DF32A1A649FFE00189283 /* AppDelegate.h */,
				B17DF32B1A649FFE00189283 /* AppDelegate.m */,
				B17DF32D1A649FFE00189283 /* ViewController.h */,
				B17DF32E1A649FFE00189283 /* ViewController.m */,
				B1DD98CD1A6D066000F65D8C /* Resources */,
				B17DF3261A649FFE00189283 /* Supporting Files */,
			);
			path = FibSequenceExam;
			sourceTree = "<group>";
		};
		B17DF3261A649FFE00189283 /* Supporting Files */ = {
			isa = PBXGroup;
			children = (
				B17DF3271A649FFE00189283 /* Info.plist */,
				B17DF3281A649FFE00189283 /* main.m */,
			);
			name = "Supporting Files";
			sourceTree = "<group>";
		};
		B17DF33F1A649FFE00189283 /* FibSequenceExamTests */ = {
			isa = PBXGroup;
			children = (
				B17DF3421A649FFE00189283 /* FibSequenceExamTests.m */,
				B17DF3401A649FFE00189283 /* Supporting Files */,
			);
			path = FibSequenceExamTests;
			sourceTree = "<group>";
		};
		B17DF3401A649FFE00189283 /* Supporting Files */ = {
			isa = PBXGroup;
			children = (
				B17DF3411A649FFE00189283 /* Info.plist */,
			);
			name = "Supporting Files";
			sourceTree = "<group>";
		};
		B1DD98BD1A6D061200F65D8C /* SaveBookmark */ = {
			isa = PBXGroup;
			children = (
				B1DD98E41A6DD44B00F65D8C /* SaveBookmark.entitlements */,
				B1DD98C01A6D061200F65D8C /* ShareViewController.h */,
				B1DD98C11A6D061200F65D8C /* ShareViewController.m */,
				B1DD98C31A6D061200F65D8C /* MainInterface.storyboard */,
				B1DD98BE1A6D061200F65D8C /* Supporting Files */,
			);
			path = SaveBookmark;
			sourceTree = "<group>";
		};
		B1DD98BE1A6D061200F65D8C /* Supporting Files */ = {
			isa = PBXGroup;
			children = (
				B1DD98BF1A6D061200F65D8C /* Info.plist */,
			);
			name = "Supporting Files";
			sourceTree = "<group>";
		};
		B1DD98CC1A6D064D00F65D8C /* Testing Tab/Nav */ = {
			isa = PBXGroup;
			children = (
				B1E4219A1A6CCB7200D946CB /* StackOverFlowViewController.h */,
				B1E4219B1A6CCB7200D946CB /* StackOverFlowViewController.m */,
			);
			name = "Testing Tab/Nav";
			sourceTree = "<group>";
		};
		B1DD98CD1A6D066000F65D8C /* Resources */ = {
			isa = PBXGroup;
			children = (
				B17DF3301A649FFE00189283 /* Main.storyboard */,
				B17DF3331A649FFE00189283 /* Images.xcassets */,
				B17DF3351A649FFE00189283 /* LaunchScreen.xib */,
			);
			name = Resources;
			sourceTree = "<group>";
		};
		B1DD98D31A6D0F2F00F65D8C /* ActionExten */ = {
			isa = PBXGroup;
			children = (
				B1DD98D61A6D0F2F00F65D8C /* ActionViewController.h */,
				B1DD98D71A6D0F2F00F65D8C /* ActionViewController.m */,
				B1DD98D91A6D0F2F00F65D8C /* MainInterface.storyboard */,
				B1DD98D41A6D0F2F00F65D8C /* Supporting Files */,
			);
			path = ActionExten;
			sourceTree = "<group>";
		};
		B1DD98D41A6D0F2F00F65D8C /* Supporting Files */ = {
			isa = PBXGroup;
			children = (
				B1DD98D51A6D0F2F00F65D8C /* Info.plist */,
			);
			name = "Supporting Files";
			sourceTree = "<group>";
		};
		D9C2916D7D685DCA410D18BA /* Pods */ = {
			isa = PBXGroup;
			children = (
				C68C8705DEF1507735A9B83B /* Pods-FibSequenceExam.debug.xcconfig */,
				93A4050D39A419AF268606F3 /* Pods-FibSequenceExam.release.xcconfig */,
			);
			name = Pods;
			sourceTree = "<group>";
		};
/* End PBXGroup section */

/* Begin PBXNativeTarget section */
		B17DF3221A649FFE00189283 /* FibSequenceExam */ = {
			isa = PBXNativeTarget;
			buildConfigurationList = B17DF3461A649FFE00189283 /* Build configuration list for PBXNativeTarget "FibSequenceExam" */;
			buildPhases = (
				AE2A947C67F2966E76755B9B /* Check Pods Manifest.lock */,
				B17DF31F1A649FFE00189283 /* Sources */,
				B17DF3201A649FFE00189283 /* Frameworks */,
				B17DF3211A649FFE00189283 /* Resources */,
				E3974D47CB2E69205A8618EE /* Copy Pods Resources */,
				B1DD98CB1A6D061200F65D8C /* Embed App Extensions */,
			);
			buildRules = (
			);
			dependencies = (
				B1DD98C61A6D061200F65D8C /* PBXTargetDependency */,
			);
			name = FibSequenceExam;
			productName = FibSequenceExam;
			productReference = B17DF3231A649FFE00189283 /* FibSequenceExam.app */;
			productType = "com.apple.product-type.application";
		};
		B17DF33B1A649FFE00189283 /* FibSequenceExamTests */ = {
			isa = PBXNativeTarget;
			buildConfigurationList = B17DF3491A649FFE00189283 /* Build configuration list for PBXNativeTarget "FibSequenceExamTests" */;
			buildPhases = (
				B17DF3381A649FFE00189283 /* Sources */,
				B17DF3391A649FFE00189283 /* Frameworks */,
				B17DF33A1A649FFE00189283 /* Resources */,
			);
			buildRules = (
			);
			dependencies = (
				B17DF33E1A649FFE00189283 /* PBXTargetDependency */,
			);
			name = FibSequenceExamTests;
			productName = FibSequenceExamTests;
			productReference = B17DF33C1A649FFE00189283 /* FibSequenceExamTests.xctest */;
			productType = "com.apple.product-type.bundle.unit-test";
		};
		B1DD98BB1A6D061200F65D8C /* SaveBookmark */ = {
			isa = PBXNativeTarget;
			buildConfigurationList = B1DD98C81A6D061200F65D8C /* Build configuration list for PBXNativeTarget "SaveBookmark" */;
			buildPhases = (
				B1DD98B81A6D061200F65D8C /* Sources */,
				B1DD98B91A6D061200F65D8C /* Frameworks */,
				B1DD98BA1A6D061200F65D8C /* Resources */,
			);
			buildRules = (
			);
			dependencies = (
			);
			name = SaveBookmark;
			productName = SaveBookmark;
			productReference = B1DD98BC1A6D061200F65D8C /* SaveBookmark.appex */;
			productType = "com.apple.product-type.app-extension";
		};
		B1DD98D11A6D0F2F00F65D8C /* ActionExten */ = {
			isa = PBXNativeTarget;
			buildConfigurationList = B1DD98DE1A6D0F2F00F65D8C /* Build configuration list for PBXNativeTarget "ActionExten" */;
			buildPhases = (
				B1DD98CE1A6D0F2F00F65D8C /* Sources */,
				B1DD98CF1A6D0F2F00F65D8C /* Frameworks */,
				B1DD98D01A6D0F2F00F65D8C /* Resources */,
			);
			buildRules = (
			);
			dependencies = (
			);
			name = ActionExten;
			productName = ActionExten;
			productReference = B1DD98D21A6D0F2F00F65D8C /* ActionExten.appex */;
			productType = "com.apple.product-type.app-extension";
		};
/* End PBXNativeTarget section */

/* Begin PBXProject section */
		B17DF31B1A649FFE00189283 /* Project object */ = {
			isa = PBXProject;
			attributes = {
				LastUpgradeCheck = 0610;
				ORGANIZATIONNAME = com.SRLabs;
				TargetAttributes = {
					B17DF3221A649FFE00189283 = {
						CreatedOnToolsVersion = 6.1.1;
						DevelopmentTeam = 3457AE227Q;
						SystemCapabilities = {
							com.apple.ApplicationGroups.iOS = {
								enabled = 1;
							};
						};
					};
					B17DF33B1A649FFE00189283 = {
						CreatedOnToolsVersion = 6.1.1;
						TestTargetID = B17DF3221A649FFE00189283;
					};
					B1DD98BB1A6D061200F65D8C = {
						CreatedOnToolsVersion = 6.1.1;
						DevelopmentTeam = 3457AE227Q;
						SystemCapabilities = {
							com.apple.ApplicationGroups.iOS = {
								enabled = 1;
							};
						};
					};
					B1DD98D11A6D0F2F00F65D8C = {
						CreatedOnToolsVersion = 6.1.1;
					};
				};
			};
			buildConfigurationList = B17DF31E1A649FFE00189283 /* Build configuration list for PBXProject "FibSequenceExam" */;
			compatibilityVersion = "Xcode 3.2";
			developmentRegion = English;
			hasScannedForEncodings = 0;
			knownRegions = (
				en,
				Base,
			);
			mainGroup = B17DF31A1A649FFE00189283;
			productRefGroup = B17DF3241A649FFE00189283 /* Products */;
			projectDirPath = "";
			projectRoot = "";
			targets = (
				B17DF3221A649FFE00189283 /* FibSequenceExam */,
				B17DF33B1A649FFE00189283 /* FibSequenceExamTests */,
				B1DD98BB1A6D061200F65D8C /* SaveBookmark */,
				B1DD98D11A6D0F2F00F65D8C /* ActionExten */,
			);
		};
/* End PBXProject section */

/* Begin PBXResourcesBuildPhase section */
		B17DF3211A649FFE00189283 /* Resources */ = {
			isa = PBXResourcesBuildPhase;
			buildActionMask = 2147483647;
			files = (
				B17DF3321A649FFE00189283 /* Main.storyboard in Resources */,
				B17DF3371A649FFE00189283 /* LaunchScreen.xib in Resources */,
				B17DF3341A649FFE00189283 /* Images.xcassets in Resources */,
			);
			runOnlyForDeploymentPostprocessing = 0;
		};
		B17DF33A1A649FFE00189283 /* Resources */ = {
			isa = PBXResourcesBuildPhase;
			buildActionMask = 2147483647;
			files = (
			);
			runOnlyForDeploymentPostprocessing = 0;
		};
		B1DD98BA1A6D061200F65D8C /* Resources */ = {
			isa = PBXResourcesBuildPhase;
			buildActionMask = 2147483647;
			files = (
				B1DD98C41A6D061200F65D8C /* MainInterface.storyboard in Resources */,
			);
			runOnlyForDeploymentPostprocessing = 0;
		};
		B1DD98D01A6D0F2F00F65D8C /* Resources */ = {
			isa = PBXResourcesBuildPhase;
			buildActionMask = 2147483647;
			files = (
				B1DD98DA1A6D0F2F00F65D8C /* MainInterface.storyboard in Resources */,
			);
			runOnlyForDeploymentPostprocessing = 0;
		};
/* End PBXResourcesBuildPhase section */

/* Begin PBXShellScriptBuildPhase section */
		AE2A947C67F2966E76755B9B /* Check Pods Manifest.lock */ = {
			isa = PBXShellScriptBuildPhase;
			buildActionMask = 2147483647;
			files = (
			);
			inputPaths = (
			);
			name = "Check Pods Manifest.lock";
			outputPaths = (
			);
			runOnlyForDeploymentPostprocessing = 0;
			shellPath = /bin/sh;
			shellScript = "diff \"${PODS_ROOT}/../Podfile.lock\" \"${PODS_ROOT}/Manifest.lock\" > /dev/null\nif [[ $? != 0 ]] ; then\n    cat << EOM\nerror: The sandbox is not in sync with the Podfile.lock. Run 'pod install' or update your CocoaPods installation.\nEOM\n    exit 1\nfi\n";
			showEnvVarsInLog = 0;
		};
		E3974D47CB2E69205A8618EE /* Copy Pods Resources */ = {
			isa = PBXShellScriptBuildPhase;
			buildActionMask = 2147483647;
			files = (
			);
			inputPaths = (
			);
			name = "Copy Pods Resources";
			outputPaths = (
			);
			runOnlyForDeploymentPostprocessing = 0;
			shellPath = /bin/sh;
			shellScript = "\"${SRCROOT}/Pods/Target Support Files/Pods-FibSequenceExam/Pods-FibSequenceExam-resources.sh\"\n";
			showEnvVarsInLog = 0;
		};
/* End PBXShellScriptBuildPhase section */

/* Begin PBXSourcesBuildPhase section */
		B17DF31F1A649FFE00189283 /* Sources */ = {
			isa = PBXSourcesBuildPhase;
			buildActionMask = 2147483647;
			files = (
				B17DF32F1A649FFE00189283 /* ViewController.m in Sources */,
				B1E4219C1A6CCB7200D946CB /* StackOverFlowViewController.m in Sources */,
				B17DF32C1A649FFE00189283 /* AppDelegate.m in Sources */,
				B17DF3291A649FFE00189283 /* main.m in Sources */,
			);
			runOnlyForDeploymentPostprocessing = 0;
		};
		B17DF3381A649FFE00189283 /* Sources */ = {
			isa = PBXSourcesBuildPhase;
			buildActionMask = 2147483647;
			files = (
				B17DF3431A649FFE00189283 /* FibSequenceExamTests.m in Sources */,
			);
			runOnlyForDeploymentPostprocessing = 0;
		};
		B1DD98B81A6D061200F65D8C /* Sources */ = {
			isa = PBXSourcesBuildPhase;
			buildActionMask = 2147483647;
			files = (
				B1DD98C21A6D061200F65D8C /* ShareViewController.m in Sources */,
			);
			runOnlyForDeploymentPostprocessing = 0;
		};
		B1DD98CE1A6D0F2F00F65D8C /* Sources */ = {
			isa = PBXSourcesBuildPhase;
			buildActionMask = 2147483647;
			files = (
				B1DD98D81A6D0F2F00F65D8C /* ActionViewController.m in Sources */,
			);
			runOnlyForDeploymentPostprocessing = 0;
		};
/* End PBXSourcesBuildPhase section */

/* Begin PBXTargetDependency section */
		B17DF33E1A649FFE00189283 /* PBXTargetDependency */ = {
			isa = PBXTargetDependency;
			target = B17DF3221A649FFE00189283 /* FibSequenceExam */;
			targetProxy = B17DF33D1A649FFE00189283 /* PBXContainerItemProxy */;
		};
		B1DD98C61A6D061200F65D8C /* PBXTargetDependency */ = {
			isa = PBXTargetDependency;
			target = B1DD98BB1A6D061200F65D8C /* SaveBookmark */;
			targetProxy = B1DD98C51A6D061200F65D8C /* PBXContainerItemProxy */;
		};
/* End PBXTargetDependency section */

/* Begin PBXVariantGroup section */
		B17DF3301A649FFE00189283 /* Main.storyboard */ = {
			isa = PBXVariantGroup;
			children = (
				B17DF3311A649FFE00189283 /* Base */,
			);
			name = Main.storyboard;
			sourceTree = "<group>";
		};
		B17DF3351A649FFE00189283 /* LaunchScreen.xib */ = {
			isa = PBXVariantGroup;
			children = (
				B17DF3361A649FFE00189283 /* Base */,
			);
			name = LaunchScreen.xib;
			sourceTree = "<group>";
		};
/* End PBXVariantGroup section */

/* Begin XCBuildConfiguration section */
		B17DF3441A649FFE00189283 /* Debug */ = {
			isa = XCBuildConfiguration;
			buildSettings = {
				ALWAYS_SEARCH_USER_PATHS = NO;
				CLANG_CXX_LANGUAGE_STANDARD = "gnu++0x";
				CLANG_CXX_LIBRARY = "libc++";
				CLANG_ENABLE_MODULES = YES;
				CLANG_ENABLE_OBJC_ARC = YES;
				CLANG_WARN_BOOL_CONVERSION = YES;
				CLANG_WARN_CONSTANT_CONVERSION = YES;
				CLANG_WARN_DIRECT_OBJC_ISA_USAGE = YES_ERROR;
				CLANG_WARN_EMPTY_BODY = YES;
				CLANG_WARN_ENUM_CONVERSION = YES;
				CLANG_WARN_INT_CONVERSION = YES;
				CLANG_WARN_OBJC_ROOT_CLASS = YES_ERROR;
				CLANG_WARN_UNREACHABLE_CODE = YES;
				CLANG_WARN__DUPLICATE_METHOD_MATCH = YES;
				"CODE_SIGN_IDENTITY[sdk=iphoneos*]" = "iPhone Developer";
				COPY_PHASE_STRIP = NO;
				ENABLE_STRICT_OBJC_MSGSEND = YES;
				GCC_C_LANGUAGE_STANDARD = gnu99;
				GCC_DYNAMIC_NO_PIC = NO;
				GCC_OPTIMIZATION_LEVEL = 0;
				GCC_PREPROCESSOR_DEFINITIONS = (
					"DEBUG=1",
					"$(inherited)",
				);
				GCC_SYMBOLS_PRIVATE_EXTERN = NO;
				GCC_WARN_64_TO_32_BIT_CONVERSION = YES;
				GCC_WARN_ABOUT_RETURN_TYPE = YES_ERROR;
				GCC_WARN_UNDECLARED_SELECTOR = YES;
				GCC_WARN_UNINITIALIZED_AUTOS = YES_AGGRESSIVE;
				GCC_WARN_UNUSED_FUNCTION = YES;
				GCC_WARN_UNUSED_VARIABLE = YES;
				IPHONEOS_DEPLOYMENT_TARGET = 8.1;
				MTL_ENABLE_DEBUG_INFO = YES;
				ONLY_ACTIVE_ARCH = YES;
				SDKROOT = iphoneos;
			};
			name = Debug;
		};
		B17DF3451A649FFE00189283 /* Release */ = {
			isa = XCBuildConfiguration;
			buildSettings = {
				ALWAYS_SEARCH_USER_PATHS = NO;
				CLANG_CXX_LANGUAGE_STANDARD = "gnu++0x";
				CLANG_CXX_LIBRARY = "libc++";
				CLANG_ENABLE_MODULES = YES;
				CLANG_ENABLE_OBJC_ARC = YES;
				CLANG_WARN_BOOL_CONVERSION = YES;
				CLANG_WARN_CONSTANT_CONVERSION = YES;
				CLANG_WARN_DIRECT_OBJC_ISA_USAGE = YES_ERROR;
				CLANG_WARN_EMPTY_BODY = YES;
				CLANG_WARN_ENUM_CONVERSION = YES;
				CLANG_WARN_INT_CONVERSION = YES;
				CLANG_WARN_OBJC_ROOT_CLASS = YES_ERROR;
				CLANG_WARN_UNREACHABLE_CODE = YES;
				CLANG_WARN__DUPLICATE_METHOD_MATCH = YES;
				"CODE_SIGN_IDENTITY[sdk=iphoneos*]" = "iPhone Developer";
				COPY_PHASE_STRIP = YES;
				ENABLE_NS_ASSERTIONS = NO;
				ENABLE_STRICT_OBJC_MSGSEND = YES;
				GCC_C_LANGUAGE_STANDARD = gnu99;
				GCC_WARN_64_TO_32_BIT_CONVERSION = YES;
				GCC_WARN_ABOUT_RETURN_TYPE = YES_ERROR;
				GCC_WARN_UNDECLARED_SELECTOR = YES;
				GCC_WARN_UNINITIALIZED_AUTOS = YES_AGGRESSIVE;
				GCC_WARN_UNUSED_FUNCTION = YES;
				GCC_WARN_UNUSED_VARIABLE = YES;
				IPHONEOS_DEPLOYMENT_TARGET = 8.1;
				MTL_ENABLE_DEBUG_INFO = NO;
				SDKROOT = iphoneos;
				VALIDATE_PRODUCT = YES;
			};
			name = Release;
		};
		B17DF3471A649FFE00189283 /* Debug */ = {
			isa = XCBuildConfiguration;
			baseConfigurationReference = C68C8705DEF1507735A9B83B /* Pods-FibSequenceExam.debug.xcconfig */;
			buildSettings = {
				ASSETCATALOG_COMPILER_APPICON_NAME = AppIcon;
				CODE_SIGN_ENTITLEMENTS = FibSequenceExam/FibSequenceExam.entitlements;
				CODE_SIGN_IDENTITY = "iPhone Developer";
				"CODE_SIGN_IDENTITY[sdk=iphoneos*]" = "iPhone Developer";
				INFOPLIST_FILE = FibSequenceExam/Info.plist;
				LD_RUNPATH_SEARCH_PATHS = "$(inherited) @executable_path/Frameworks";
				PRODUCT_NAME = "$(TARGET_NAME)";
				PROVISIONING_PROFILE = "";
			};
			name = Debug;
		};
		B17DF3481A649FFE00189283 /* Release */ = {
			isa = XCBuildConfiguration;
			baseConfigurationReference = 93A4050D39A419AF268606F3 /* Pods-FibSequenceExam.release.xcconfig */;
			buildSettings = {
				ASSETCATALOG_COMPILER_APPICON_NAME = AppIcon;
				CODE_SIGN_ENTITLEMENTS = FibSequenceExam/FibSequenceExam.entitlements;
				CODE_SIGN_IDENTITY = "iPhone Developer";
				"CODE_SIGN_IDENTITY[sdk=iphoneos*]" = "iPhone Developer";
				INFOPLIST_FILE = FibSequenceExam/Info.plist;
				LD_RUNPATH_SEARCH_PATHS = "$(inherited) @executable_path/Frameworks";
				PRODUCT_NAME = "$(TARGET_NAME)";
				PROVISIONING_PROFILE = "";
			};
			name = Release;
		};
		B17DF34A1A649FFE00189283 /* Debug */ = {
			isa = XCBuildConfiguration;
			buildSettings = {
				BUNDLE_LOADER = "$(TEST_HOST)";
				FRAMEWORK_SEARCH_PATHS = (
					"$(SDKROOT)/Developer/Library/Frameworks",
					"$(inherited)",
				);
				GCC_PREPROCESSOR_DEFINITIONS = (
					"DEBUG=1",
					"$(inherited)",
				);
				INFOPLIST_FILE = FibSequenceExamTests/Info.plist;
				LD_RUNPATH_SEARCH_PATHS = "$(inherited) @executable_path/Frameworks @loader_path/Frameworks";
				PRODUCT_NAME = "$(TARGET_NAME)";
				TEST_HOST = "$(BUILT_PRODUCTS_DIR)/FibSequenceExam.app/FibSequenceExam";
			};
			name = Debug;
		};
		B17DF34B1A649FFE00189283 /* Release */ = {
			isa = XCBuildConfiguration;
			buildSettings = {
				BUNDLE_LOADER = "$(TEST_HOST)";
				FRAMEWORK_SEARCH_PATHS = (
					"$(SDKROOT)/Developer/Library/Frameworks",
					"$(inherited)",
				);
				INFOPLIST_FILE = FibSequenceExamTests/Info.plist;
				LD_RUNPATH_SEARCH_PATHS = "$(inherited) @executable_path/Frameworks @loader_path/Frameworks";
				PRODUCT_NAME = "$(TARGET_NAME)";
				TEST_HOST = "$(BUILT_PRODUCTS_DIR)/FibSequenceExam.app/FibSequenceExam";
			};
			name = Release;
		};
		B1DD98C91A6D061200F65D8C /* Debug */ = {
			isa = XCBuildConfiguration;
			buildSettings = {
				CODE_SIGN_ENTITLEMENTS = SaveBookmark/SaveBookmark.entitlements;
				CODE_SIGN_IDENTITY = "iPhone Developer";
				"CODE_SIGN_IDENTITY[sdk=iphoneos*]" = "iPhone Developer";
				GCC_PREPROCESSOR_DEFINITIONS = (
					"DEBUG=1",
					"$(inherited)",
				);
				INFOPLIST_FILE = SaveBookmark/Info.plist;
				LD_RUNPATH_SEARCH_PATHS = "$(inherited) @executable_path/Frameworks @executable_path/../../Frameworks";
				PRODUCT_NAME = "$(TARGET_NAME)";
				PROVISIONING_PROFILE = "";
				SKIP_INSTALL = YES;
			};
			name = Debug;
		};
		B1DD98CA1A6D061200F65D8C /* Release */ = {
			isa = XCBuildConfiguration;
			buildSettings = {
				CODE_SIGN_ENTITLEMENTS = SaveBookmark/SaveBookmark.entitlements;
				CODE_SIGN_IDENTITY = "iPhone Developer";
				"CODE_SIGN_IDENTITY[sdk=iphoneos*]" = "iPhone Developer";
				INFOPLIST_FILE = SaveBookmark/Info.plist;
				LD_RUNPATH_SEARCH_PATHS = "$(inherited) @executable_path/Frameworks @executable_path/../../Frameworks";
				PRODUCT_NAME = "$(TARGET_NAME)";
				PROVISIONING_PROFILE = "";
				SKIP_INSTALL = YES;
			};
			name = Release;
		};
		B1DD98DF1A6D0F2F00F65D8C /* Debug */ = {
			isa = XCBuildConfiguration;
			buildSettings = {
				GCC_PREPROCESSOR_DEFINITIONS = (
					"DEBUG=1",
					"$(inherited)",
				);
				INFOPLIST_FILE = ActionExten/Info.plist;
				LD_RUNPATH_SEARCH_PATHS = "$(inherited) @executable_path/Frameworks @executable_path/../../Frameworks";
				PRODUCT_NAME = "$(TARGET_NAME)";
				SKIP_INSTALL = YES;
			};
			name = Debug;
		};
		B1DD98E01A6D0F2F00F65D8C /* Release */ = {
			isa = XCBuildConfiguration;
			buildSettings = {
				INFOPLIST_FILE = ActionExten/Info.plist;
				LD_RUNPATH_SEARCH_PATHS = "$(inherited) @executable_path/Frameworks @executable_path/../../Frameworks";
				PRODUCT_NAME = "$(TARGET_NAME)";
				SKIP_INSTALL = YES;
			};
			name = Release;
		};
/* End XCBuildConfiguration section */

/* Begin XCConfigurationList section */
		B17DF31E1A649FFE00189283 /* Build configuration list for PBXProject "FibSequenceExam" */ = {
			isa = XCConfigurationList;
			buildConfigurations = (
				B17DF3441A649FFE00189283 /* Debug */,
				B17DF3451A649FFE00189283 /* Release */,
			);
			defaultConfigurationIsVisible = 0;
			defaultConfigurationName = Release;
		};
		B17DF3461A649FFE00189283 /* Build configuration list for PBXNativeTarget "FibSequenceExam" */ = {
			isa = XCConfigurationList;
			buildConfigurations = (
				B17DF3471A649FFE00189283 /* Debug */,
				B17DF3481A649FFE00189283 /* Release */,
			);
			defaultConfigurationIsVisible = 0;
			defaultConfigurationName = Release;
		};
		B17DF3491A649FFE00189283 /* Build configuration list for PBXNativeTarget "FibSequenceExamTests" */ = {
			isa = XCConfigurationList;
			buildConfigurations = (
				B17DF34A1A649FFE00189283 /* Debug */,
				B17DF34B1A649FFE00189283 /* Release */,
			);
			defaultConfigurationIsVisible = 0;
			defaultConfigurationName = Release;
		};
		B1DD98C81A6D061200F65D8C /* Build configuration list for PBXNativeTarget "SaveBookmark" */ = {
			isa = XCConfigurationList;
			buildConfigurations = (
				B1DD98C91A6D061200F65D8C /* Debug */,
				B1DD98CA1A6D061200F65D8C /* Release */,
			);
			defaultConfigurationIsVisible = 0;
			defaultConfigurationName = Release;
		};
		B1DD98DE1A6D0F2F00F65D8C /* Build configuration list for PBXNativeTarget "ActionExten" */ = {
			isa = XCConfigurationList;
			buildConfigurations = (
				B1DD98DF1A6D0F2F00F65D8C /* Debug */,
				B1DD98E01A6D0F2F00F65D8C /* Release */,
			);
			defaultConfigurationIsVisible = 0;
			defaultConfigurationName = Release;
		};
/* End XCConfigurationList section */
	};
	rootObject = B17DF31B1A649FFE00189283 /* Project object */;
}
